
Microsoft Visual Studio Solution File, Format Version 12.00
# Visual Studio Version 17
VisualStudioVersion = 17.4.33213.308
MinimumVisualStudioVersion = 10.0.40219.1
Project("{FAE04EC0-301F-11D3-BF4B-00C04F79EFBC}") = "ControlWindows", "ControlWindows.csproj", "{B9661D45-37D1-4C54-B6D0-ED0B067EC4F5}"
EndProject
Global
	GlobalSection(SolutionConfigurationPlatforms) = preSolution
		Debug|Any CPU = Debug|Any CPU
		Release|Any CPU = Release|Any CPU
	EndGlobalSection
	GlobalSection(ProjectConfigurationPlatforms) = postSolution
		{B9661D45-37D1-4C54-B6D0-ED0B067EC4F5}.Debug|Any CPU.ActiveCfg = Debug|Any CPU
		{B9661D45-37D1-4C54-B6D0-ED0B067EC4F5}.Debug|Any CPU.Build.0 = Debug|Any CPU
		{B9661D45-37D1-4C54-B6D0-ED0B067EC4F5}.Release|Any CPU.ActiveCfg = Release|Any CPU
		{B9661D45-37D1-4C54-B6D0-ED0B067EC4F5}.Release|Any CPU.Build.0 = Release|Any CPU
	EndGlobalSection
	GlobalSection(SolutionProperties) = preSolution
		HideSolutionNode = FALSE
	EndGlobalSection
	GlobalSection(ExtensibilityGlobals) = postSolution
		SolutionGuid = {C702A483-AEE8-4AAC-9538-26F5E19DEDF3}
	EndGlobalSection
EndGlobal
